// !$*UTF8*$!
{
	archiveVersion = 1;
	classes = {
	};
	objectVersion = 56;
	objects = {

/* Begin PBXBuildFile section */
		EEF7BAF129C6EDE300DDE84A /* AppDelegate.swift in Sources */ = {isa = PBXBuildFile; fileRef = EEF7BAF029C6EDE300DDE84A /* AppDelegate.swift */; };
		EEF7BAF529C6EDE300DDE84A /* ViewController.swift in Sources */ = {isa = PBXBuildFile; fileRef = EEF7BAF429C6EDE300DDE84A /* ViewController.swift */; };
		EEF7BAF829C6EDE300DDE84A /* Main.storyboard in Resources */ = {isa = PBXBuildFile; fileRef = EEF7BAF629C6EDE300DDE84A /* Main.storyboard */; };
		EEF7BAFA29C6EDE400DDE84A /* Assets.xcassets in Resources */ = {isa = PBXBuildFile; fileRef = EEF7BAF929C6EDE400DDE84A /* Assets.xcassets */; };
		EEF7BAFD29C6EDE400DDE84A /* LaunchScreen.storyboard in Resources */ = {isa = PBXBuildFile; fileRef = EEF7BAFB29C6EDE400DDE84A /* LaunchScreen.storyboard */; };
		EEF7BB0529C6F01B00DDE84A /* MediaTableViewCell.swift in Sources */ = {isa = PBXBuildFile; fileRef = EEF7BB0429C6F01B00DDE84A /* MediaTableViewCell.swift */; };
/* End PBXBuildFile section */

/* Begin PBXFileReference section */
		EEF7BAED29C6EDE300DDE84A /* MediaStreamingAndDownload.app */ = {isa = PBXFileReference; explicitFileType = wrapper.application; includeInIndex = 0; path = MediaStreamingAndDownload.app; sourceTree = BUILT_PRODUCTS_DIR; };
		EEF7BAF029C6EDE300DDE84A /* AppDelegate.swift */ = {isa = PBXFileReference; lastKnownFileType = sourcecode.swift; path = AppDelegate.swift; sourceTree = "<group>"; };
		EEF7BAF429C6EDE300DDE84A /* ViewController.swift */ = {isa = PBXFileReference; lastKnownFileType = sourcecode.swift; path = ViewController.swift; sourceTree = "<group>"; };
		EEF7BAF729C6EDE300DDE84A /* Base */ = {isa = PBXFileReference; lastKnownFileType = file.storyboard; name = Base; path = Base.lproj/Main.storyboard; sourceTree = "<group>"; };
		EEF7BAF929C6EDE400DDE84A /* Assets.xcassets */ = {isa = PBXFileReference; lastKnownFileType = folder.assetcatalog; path = Assets.xcassets; sourceTree = "<group>"; };
		EEF7BAFC29C6EDE400DDE84A /* Base */ = {isa = PBXFileReference; lastKnownFileType = file.storyboard; name = Base; path = Base.lproj/LaunchScreen.storyboard; sourceTree = "<group>"; };
		EEF7BAFE29C6EDE400DDE84A /* Info.plist */ = {isa = PBXFileReference; lastKnownFileType = text.plist.xml; path = Info.plist; sourceTree = "<group>"; };
		EEF7BB0429C6F01B00DDE84A /* MediaTableViewCell.swift */ = {isa = PBXFileReference; lastKnownFileType = sourcecode.swift; path = MediaTableViewCell.swift; sourceTree = "<group>"; };
/* End PBXFileReference section */

/* Begin PBXFrameworksBuildPhase section */
		EEF7BAEA29C6EDE300DDE84A /* Frameworks */ = {
			isa = PBXFrameworksBuildPhase;
			buildActionMask = 2147483647;
			files = (
			);
			runOnlyForDeploymentPostprocessing = 0;
		};
/* End PBXFrameworksBuildPhase section */

/* Begin PBXGroup section */
		EEF7BAE429C6EDE300DDE84A = {
			isa = PBXGroup;
			children = (
				EEF7BAEF29C6EDE300DDE84A /* MediaStreamingAndDownload */,
				EEF7BAEE29C6EDE300DDE84A /* Products */,
			);
			sourceTree = "<group>";
		};
		EEF7BAEE29C6EDE300DDE84A /* Products */ = {
			isa = PBXGroup;
			children = (
				EEF7BAED29C6EDE300DDE84A /* MediaStreamingAndDownload.app */,
			);
			name = Products;
			sourceTree = "<group>";
		};
		EEF7BAEF29C6EDE300DDE84A /* MediaStreamingAndDownload */ = {
			isa = PBXGroup;
			children = (
				EEF7BAF029C6EDE300DDE84A /* AppDelegate.swift */,
				EEF7BAF429C6EDE300DDE84A /* ViewController.swift */,
				EEF7BB0429C6F01B00DDE84A /* MediaTableViewCell.swift */,
				EEF7BAF629C6EDE300DDE84A /* Main.storyboard */,
				EEF7BAF929C6EDE400DDE84A /* Assets.xcassets */,
				EEF7BAFB29C6EDE400DDE84A /* LaunchScreen.storyboard */,
				EEF7BAFE29C6EDE400DDE84A /* Info.plist */,
			);
			path = MediaStreamingAndDownload;
			sourceTree = "<group>";
		};
/* End PBXGroup section */

/* Begin PBXNativeTarget section */
		EEF7BAEC29C6EDE300DDE84A /* MediaStreamingAndDownload */ = {
			isa = PBXNativeTarget;
			buildConfigurationList = EEF7BB0129C6EDE400DDE84A /* Build configuration list for PBXNativeTarget "MediaStreamingAndDownload" */;
			buildPhases = (
				EEF7BAE929C6EDE300DDE84A /* Sources */,
				EEF7BAEA29C6EDE300DDE84A /* Frameworks */,
				EEF7BAEB29C6EDE300DDE84A /* Resources */,
			);
			buildRules = (
			);
			dependencies = (
			);
			name = MediaStreamingAndDownload;
			productName = MediaStreamingAndDownload;
			productReference = EEF7BAED29C6EDE300DDE84A /* MediaStreamingAndDownload.app */;
			productType = "com.apple.product-type.application";
		};
/* End PBXNativeTarget section */

/* Begin PBXProject section */
		EEF7BAE529C6EDE300DDE84A /* Project object */ = {
			isa = PBXProject;
			attributes = {
				BuildIndependentTargetsInParallel = 1;
				LastSwiftUpdateCheck = 1420;
				LastUpgradeCheck = 1420;
				TargetAttributes = {
					EEF7BAEC29C6EDE300DDE84A = {
						CreatedOnToolsVersion = 14.2;
					};
				};
			};
			buildConfigurationList = EEF7BAE829C6EDE300DDE84A /* Build configuration list for PBXProject "MediaStreamingAndDownload" */;
			compatibilityVersion = "Xcode 14.0";
			developmentRegion = en;
			hasScannedForEncodings = 0;
			knownRegions = (
				en,
				Base,
			);
			mainGroup = EEF7BAE429C6EDE300DDE84A;
			productRefGroup = EEF7BAEE29C6EDE300DDE84A /* Products */;
			projectDirPath = "";
			projectRoot = "";
			targets = (
				EEF7BAEC29C6EDE300DDE84A /* MediaStreamingAndDownload */,
			);
		};
/* End PBXProject section */

/* Begin PBXResourcesBuildPhase section */
		EEF7BAEB29C6EDE300DDE84A /* Resources */ = {
			isa = PBXResourcesBuildPhase;
			buildActionMask = 2147483647;
			files = (
				EEF7BAFD29C6EDE400DDE84A /* LaunchScreen.storyboard in Resources */,
				EEF7BAFA29C6EDE400DDE84A /* Assets.xcassets in Resources */,
				EEF7BAF829C6EDE300DDE84A /* Main.storyboard in Resources */,
			);
			runOnlyForDeploymentPostprocessing = 0;
		};
/* End PBXResourcesBuildPhase section */

/* Begin PBXSourcesBuildPhase section */
		EEF7BAE929C6EDE300DDE84A /* Sources */ = {
			isa = PBXSourcesBuildPhase;
			buildActionMask = 2147483647;
			files = (
				EEF7BAF529C6EDE300DDE84A /* ViewController.swift in Sources */,
				EEF7BB0529C6F01B00DDE84A /* MediaTableViewCell.swift in Sources */,
				EEF7BAF129C6EDE300DDE84A /* AppDelegate.swift in Sources */,
			);
			runOnlyForDeploymentPostprocessing = 0;
		};
/* End PBXSourcesBuildPhase section */

/* Begin PBXVariantGroup section */
		EEF7BAF629C6EDE300DDE84A /* Main.storyboard */ = {
			isa = PBXVariantGroup;
			children = (
				EEF7BAF729C6EDE300DDE84A /* Base */,
			);
			name = Main.storyboard;
			sourceTree = "<group>";
		};
		EEF7BAFB29C6EDE400DDE84A /* LaunchScreen.storyboard */ = {
			isa = PBXVariantGroup;
			children = (
				EEF7BAFC29C6EDE400DDE84A /* Base */,
			);
			name = LaunchScreen.storyboard;
			sourceTree = "<group>";
		};
/* End PBXVariantGroup section */

/* Begin XCBuildConfiguration section */
		EEF7BAFF29C6EDE400DDE84A /* Debug */ = {
			isa = XCBuildConfiguration;
			buildSettings = {
				ALWAYS_SEARCH_USER_PATHS = NO;
				CLANG_ANALYZER_NONNULL = YES;
				CLANG_ANALYZER_NUMBER_OBJECT_CONVERSION = YES_AGGRESSIVE;
				CLANG_CXX_LANGUAGE_STANDARD = "gnu++20";
				CLANG_ENABLE_MODULES = YES;
				CLANG_ENABLE_OBJC_ARC = YES;
				CLANG_ENABLE_OBJC_WEAK = YES;
				CLANG_WARN_BLOCK_CAPTURE_AUTORELEASING = YES;
				CLANG_WARN_BOOL_CONVERSION = YES;
				CLANG_WARN_COMMA = YES;
				CLANG_WARN_CONSTANT_CONVERSION = YES;
				CLANG_WARN_DEPRECATED_OBJC_IMPLEMENTATIONS = YES;
				CLANG_WARN_DIRECT_OBJC_ISA_USAGE = YES_ERROR;
				CLANG_WARN_DOCUMENTATION_COMMENTS = YES;
				CLANG_WARN_EMPTY_BODY = YES;
				CLANG_WARN_ENUM_CONVERSION = YES;
				CLANG_WARN_INFINITE_RECURSION = YES;
				CLANG_WARN_INT_CONVERSION = YES;
				CLANG_WARN_NON_LITERAL_NULL_CONVERSION = YES;
				CLANG_WARN_OBJC_IMPLICIT_RETAIN_SELF = YES;
				CLANG_WARN_OBJC_LITERAL_CONVERSION = YES;
				CLANG_WARN_OBJC_ROOT_CLASS = YES_ERROR;
				CLANG_WARN_QUOTED_INCLUDE_IN_FRAMEWORK_HEADER = YES;
				CLANG_WARN_RANGE_LOOP_ANALYSIS = YES;
				CLANG_WARN_STRICT_PROTOTYPES = YES;
				CLANG_WARN_SUSPICIOUS_MOVE = YES;
				CLANG_WARN_UNGUARDED_AVAILABILITY = YES_AGGRESSIVE;
				CLANG_WARN_UNREACHABLE_CODE = YES;
				CLANG_WARN__DUPLICATE_METHOD_MATCH = YES;
				COPY_PHASE_STRIP = NO;
				DEBUG_INFORMATION_FORMAT = dwarf;
				ENABLE_STRICT_OBJC_MSGSEND = YES;
				ENABLE_TESTABILITY = YES;
				GCC_C_LANGUAGE_STANDARD = gnu11;
				GCC_DYNAMIC_NO_PIC = NO;
				GCC_NO_COMMON_BLOCKS = YES;
				GCC_OPTIMIZATION_LEVEL = 0;
				GCC_PREPROCESSOR_DEFINITIONS = (
					"DEBUG=1",
					"$(inherited)",
				);
				GCC_WARN_64_TO_32_BIT_CONVERSION = YES;
				GCC_WARN_ABOUT_RETURN_TYPE = YES_ERROR;
				GCC_WARN_UNDECLARED_SELECTOR = YES;
				GCC_WARN_UNINITIALIZED_AUTOS = YES_AGGRESSIVE;
				GCC_WARN_UNUSED_FUNCTION = YES;
				GCC_WARN_UNUSED_VARIABLE = YES;
				IPHONEOS_DEPLOYMENT_TARGET = 16.2;
				MTL_ENABLE_DEBUG_INFO = INCLUDE_SOURCE;
				MTL_FAST_MATH = YES;
				ONLY_ACTIVE_ARCH = YES;
				SDKROOT = iphoneos;
				SWIFT_ACTIVE_COMPILATION_CONDITIONS = DEBUG;
				SWIFT_OPTIMIZATION_LEVEL = "-Onone";
			};
			name = Debug;
		};
		EEF7BB0029C6EDE400DDE84A /* Release */ = {
			isa = XCBuildConfiguration;
			buildSettings = {
				ALWAYS_SEARCH_USER_PATHS = NO;
				CLANG_ANALYZER_NONNULL = YES;
				CLANG_ANALYZER_NUMBER_OBJECT_CONVERSION = YES_AGGRESSIVE;
				CLANG_CXX_LANGUAGE_STANDARD = "gnu++20";
				CLANG_ENABLE_MODULES = YES;
				CLANG_ENABLE_OBJC_ARC = YES;
				CLANG_ENABLE_OBJC_WEAK = YES;
				CLANG_WARN_BLOCK_CAPTURE_AUTORELEASING = YES;
				CLANG_WARN_BOOL_CONVERSION = YES;
				CLANG_WARN_COMMA = YES;
				CLANG_WARN_CONSTANT_CONVERSION = YES;
				CLANG_WARN_DEPRECATED_OBJC_IMPLEMENTATIONS = YES;
				CLANG_WARN_DIRECT_OBJC_ISA_USAGE = YES_ERROR;
				CLANG_WARN_DOCUMENTATION_COMMENTS = YES;
				CLANG_WARN_EMPTY_BODY = YES;
				CLANG_WARN_ENUM_CONVERSION = YES;
				CLANG_WARN_INFINITE_RECURSION = YES;
				CLANG_WARN_INT_CONVERSION = YES;
				CLANG_WARN_NON_LITERAL_NULL_CONVERSION = YES;
				CLANG_WARN_OBJC_IMPLICIT_RETAIN_SELF = YES;
				CLANG_WARN_OBJC_LITERAL_CONVERSION = YES;
				CLANG_WARN_OBJC_ROOT_CLASS = YES_ERROR;
				CLANG_WARN_QUOTED_INCLUDE_IN_FRAMEWORK_HEADER = YES;
				CLANG_WARN_RANGE_LOOP_ANALYSIS = YES;
				CLANG_WARN_STRICT_PROTOTYPES = YES;
				CLANG_WARN_SUSPICIOUS_MOVE = YES;
				CLANG_WARN_UNGUARDED_AVAILABILITY = YES_AGGRESSIVE;
				CLANG_WARN_UNREACHABLE_CODE = YES;
				CLANG_WARN__DUPLICATE_METHOD_MATCH = YES;
				COPY_PHASE_STRIP = NO;
				DEBUG_INFORMATION_FORMAT = "dwarf-with-dsym";
				ENABLE_NS_ASSERTIONS = NO;
				ENABLE_STRICT_OBJC_MSGSEND = YES;
				GCC_C_LANGUAGE_STANDARD = gnu11;
				GCC_NO_COMMON_BLOCKS = YES;
				GCC_WARN_64_TO_32_BIT_CONVERSION = YES;
				GCC_WARN_ABOUT_RETURN_TYPE = YES_ERROR;
				GCC_WARN_UNDECLARED_SELECTOR = YES;
				GCC_WARN_UNINITIALIZED_AUTOS = YES_AGGRESSIVE;
				GCC_WARN_UNUSED_FUNCTION = YES;
				GCC_WARN_UNUSED_VARIABLE = YES;
				IPHONEOS_DEPLOYMENT_TARGET = 16.2;
				MTL_ENABLE_DEBUG_INFO = NO;
				MTL_FAST_MATH = YES;
				SDKROOT = iphoneos;
				SWIFT_COMPILATION_MODE = wholemodule;
				SWIFT_OPTIMIZATION_LEVEL = "-O";
				VALIDATE_PRODUCT = YES;
			};
			name = Release;
		};
		EEF7BB0229C6EDE400DDE84A /* Debug */ = {
			isa = XCBuildConfiguration;
			buildSettings = {
				ASSETCATALOG_COMPILER_APPICON_NAME = AppIcon;
				ASSETCATALOG_COMPILER_GLOBAL_ACCENT_COLOR_NAME = AccentColor;
				CODE_SIGN_STYLE = Automatic;
				CURRENT_PROJECT_VERSION = 1;
				DEVELOPMENT_TEAM = G5RH9MF273;
				GENERATE_INFOPLIST_FILE = YES;
				INFOPLIST_FILE = MediaStreamingAndDownload/Info.plist;
				INFOPLIST_KEY_UIApplicationSupportsIndirectInputEvents = YES;
				INFOPLIST_KEY_UILaunchStoryboardName = LaunchScreen;
				INFOPLIST_KEY_UIMainStoryboardFile = Main;
				INFOPLIST_KEY_UISupportedInterfaceOrientations_iPad = "UIInterfaceOrientationPortrait UIInterfaceOrientationPortraitUpsideDown UIInterfaceOrientationLandscapeLeft UIInterfaceOrientationLandscapeRight";
				INFOPLIST_KEY_UISupportedInterfaceOrientations_iPhone = "UIInterfaceOrientationPortrait UIInterfaceOrientationLandscapeLeft UIInterfaceOrientationLandscapeRight";
				IPHONEOS_DEPLOYMENT_TARGET = 12.1;
				LD_RUNPATH_SEARCH_PATHS = (
					"$(inherited)",
					"@executable_path/Frameworks",
				);
				MARKETING_VERSION = 1.0;
				PRODUCT_BUNDLE_IDENTIFIER = kr.co.beepeach.MediaStreamingAndDownload;
				PRODUCT_NAME = "$(TARGET_NAME)";
				SWIFT_EMIT_LOC_STRINGS = YES;
				SWIFT_VERSION = 5.0;
				TARGETED_DEVICE_FAMILY = "1,2";
			};
			name = Debug;
		};
		EEF7BB0329C6EDE400DDE84A /* Release */ = {
			isa = XCBuildConfiguration;
			buildSettings = {
				ASSETCATALOG_COMPILER_APPICON_NAME = AppIcon;
				ASSETCATALOG_COMPILER_GLOBAL_ACCENT_COLOR_NAME = AccentColor;
				CODE_SIGN_STYLE = Automatic;
				CURRENT_PROJECT_VERSION = 1;
				DEVELOPMENT_TEAM = G5RH9MF273;
				GENERATE_INFOPLIST_FILE = YES;
				INFOPLIST_FILE = MediaStreamingAndDownload/Info.plist;
				INFOPLIST_KEY_UIApplicationSupportsIndirectInputEvents = YES;
				INFOPLIST_KEY_UILaunchStoryboardName = LaunchScreen;
				INFOPLIST_KEY_UIMainStoryboardFile = Main;
				INFOPLIST_KEY_UISupportedInterfaceOrientations_iPad = "UIInterfaceOrientationPortrait UIInterfaceOrientationPortraitUpsideDown UIInterfaceOrientationLandscapeLeft UIInterfaceOrientationLandscapeRight";
				INFOPLIST_KEY_UISupportedInterfaceOrientations_iPhone = "UIInterfaceOrientationPortrait UIInterfaceOrientationLandscapeLeft UIInterfaceOrientationLandscapeRight";
				IPHONEOS_DEPLOYMENT_TARGET = 12.1;
				LD_RUNPATH_SEARCH_PATHS = (
					"$(inherited)",
					"@executable_path/Frameworks",
				);
				MARKETING_VERSION = 1.0;
				PRODUCT_BUNDLE_IDENTIFIER = kr.co.beepeach.MediaStreamingAndDownload;
				PRODUCT_NAME = "$(TARGET_NAME)";
				SWIFT_EMIT_LOC_STRINGS = YES;
				SWIFT_VERSION = 5.0;
				TARGETED_DEVICE_FAMILY = "1,2";
			};
			name = Release;
		};
/* End XCBuildConfiguration section */

/* Begin XCConfigurationList section */
		EEF7BAE829C6EDE300DDE84A /* Build configuration list for PBXProject "MediaStreamingAndDownload" */ = {
			isa = XCConfigurationList;
			buildConfigurations = (
				EEF7BAFF29C6EDE400DDE84A /* Debug */,
				EEF7BB0029C6EDE400DDE84A /* Release */,
			);
			defaultConfigurationIsVisible = 0;
			defaultConfigurationName = Release;
		};
		EEF7BB0129C6EDE400DDE84A /* Build configuration list for PBXNativeTarget "MediaStreamingAndDownload" */ = {
			isa = XCConfigurationList;
			buildConfigurations = (
				EEF7BB0229C6EDE400DDE84A /* Debug */,
				EEF7BB0329C6EDE400DDE84A /* Release */,
			);
			defaultConfigurationIsVisible = 0;
			defaultConfigurationName = Release;
		};
/* End XCConfigurationList section */
	};
	rootObject = EEF7BAE529C6EDE300DDE84A /* Project object */;
}
