// !$*UTF8*$!
{
	archiveVersion = 1;
	classes = {
	};
	objectVersion = 55;
	objects = {

/* Begin PBXBuildFile section */
		29EEBDD67A28512D95AA26D6 /* Pods_COVID19_COVID19UITests.framework in Frameworks */ = {isa = PBXBuildFile; fileRef = 5EAF74409222F0A3ADC073BC /* Pods_COVID19_COVID19UITests.framework */; };
		8717BDB6E76E0CFB803BDB19 /* Pods_COVID19Tests.framework in Frameworks */ = {isa = PBXBuildFile; fileRef = 398E6473ADB002316B0A856E /* Pods_COVID19Tests.framework */; };
		AF4AD51E059F471934D154AA /* Pods_COVID19.framework in Frameworks */ = {isa = PBXBuildFile; fileRef = C92CD5ACDAC48DE243B0445F /* Pods_COVID19.framework */; };
		EE3D1F37273B7898004F62BD /* CovidDetailTableViewController.swift in Sources */ = {isa = PBXBuildFile; fileRef = EE3D1F36273B7898004F62BD /* CovidDetailTableViewController.swift */; };
		EE3D1F39273B7B47004F62BD /* CityCovidOverview.swift in Sources */ = {isa = PBXBuildFile; fileRef = EE3D1F38273B7B47004F62BD /* CityCovidOverview.swift */; };
		EE435D7C273B9D4C0043B72F /* APIKeys.swift in Sources */ = {isa = PBXBuildFile; fileRef = EE435D7B273B9D4C0043B72F /* APIKeys.swift */; };
		EE74325F273B7113005CCE23 /* AppDelegate.swift in Sources */ = {isa = PBXBuildFile; fileRef = EE74325E273B7113005CCE23 /* AppDelegate.swift */; };
		EE743261273B7113005CCE23 /* SceneDelegate.swift in Sources */ = {isa = PBXBuildFile; fileRef = EE743260273B7113005CCE23 /* SceneDelegate.swift */; };
		EE743263273B7113005CCE23 /* ViewController.swift in Sources */ = {isa = PBXBuildFile; fileRef = EE743262273B7113005CCE23 /* ViewController.swift */; };
		EE743266273B7113005CCE23 /* Main.storyboard in Resources */ = {isa = PBXBuildFile; fileRef = EE743264273B7113005CCE23 /* Main.storyboard */; };
		EE743268273B7114005CCE23 /* Assets.xcassets in Resources */ = {isa = PBXBuildFile; fileRef = EE743267273B7114005CCE23 /* Assets.xcassets */; };
		EE74326B273B7114005CCE23 /* LaunchScreen.storyboard in Resources */ = {isa = PBXBuildFile; fileRef = EE743269273B7114005CCE23 /* LaunchScreen.storyboard */; };
		EE743276273B7115005CCE23 /* COVID19Tests.swift in Sources */ = {isa = PBXBuildFile; fileRef = EE743275273B7115005CCE23 /* COVID19Tests.swift */; };
		EE743280273B7115005CCE23 /* COVID19UITests.swift in Sources */ = {isa = PBXBuildFile; fileRef = EE74327F273B7115005CCE23 /* COVID19UITests.swift */; };
		EE743282273B7115005CCE23 /* COVID19UITestsLaunchTests.swift in Sources */ = {isa = PBXBuildFile; fileRef = EE743281273B7115005CCE23 /* COVID19UITestsLaunchTests.swift */; };
/* End PBXBuildFile section */

/* Begin PBXContainerItemProxy section */
		EE743272273B7115005CCE23 /* PBXContainerItemProxy */ = {
			isa = PBXContainerItemProxy;
			containerPortal = EE743253273B7113005CCE23 /* Project object */;
			proxyType = 1;
			remoteGlobalIDString = EE74325A273B7113005CCE23;
			remoteInfo = COVID19;
		};
		EE74327C273B7115005CCE23 /* PBXContainerItemProxy */ = {
			isa = PBXContainerItemProxy;
			containerPortal = EE743253273B7113005CCE23 /* Project object */;
			proxyType = 1;
			remoteGlobalIDString = EE74325A273B7113005CCE23;
			remoteInfo = COVID19;
		};
/* End PBXContainerItemProxy section */

/* Begin PBXFileReference section */
		26C59DCFA2EBB66A25531E30 /* Pods-COVID19-COVID19UITests.release.xcconfig */ = {isa = PBXFileReference; includeInIndex = 1; lastKnownFileType = text.xcconfig; name = "Pods-COVID19-COVID19UITests.release.xcconfig"; path = "Target Support Files/Pods-COVID19-COVID19UITests/Pods-COVID19-COVID19UITests.release.xcconfig"; sourceTree = "<group>"; };
		398E6473ADB002316B0A856E /* Pods_COVID19Tests.framework */ = {isa = PBXFileReference; explicitFileType = wrapper.framework; includeInIndex = 0; path = Pods_COVID19Tests.framework; sourceTree = BUILT_PRODUCTS_DIR; };
		5B873A4717A3C714E3C87164 /* Pods-COVID19Tests.debug.xcconfig */ = {isa = PBXFileReference; includeInIndex = 1; lastKnownFileType = text.xcconfig; name = "Pods-COVID19Tests.debug.xcconfig"; path = "Target Support Files/Pods-COVID19Tests/Pods-COVID19Tests.debug.xcconfig"; sourceTree = "<group>"; };
		5EAF74409222F0A3ADC073BC /* Pods_COVID19_COVID19UITests.framework */ = {isa = PBXFileReference; explicitFileType = wrapper.framework; includeInIndex = 0; path = Pods_COVID19_COVID19UITests.framework; sourceTree = BUILT_PRODUCTS_DIR; };
		8627E29F2E89DC5FE8ADDBF4 /* Pods-COVID19.debug.xcconfig */ = {isa = PBXFileReference; includeInIndex = 1; lastKnownFileType = text.xcconfig; name = "Pods-COVID19.debug.xcconfig"; path = "Target Support Files/Pods-COVID19/Pods-COVID19.debug.xcconfig"; sourceTree = "<group>"; };
		A45FFF0A38774C240AC4456E /* Pods-COVID19-COVID19UITests.debug.xcconfig */ = {isa = PBXFileReference; includeInIndex = 1; lastKnownFileType = text.xcconfig; name = "Pods-COVID19-COVID19UITests.debug.xcconfig"; path = "Target Support Files/Pods-COVID19-COVID19UITests/Pods-COVID19-COVID19UITests.debug.xcconfig"; sourceTree = "<group>"; };
		A6D2E0E5D7B42E41626661D4 /* Pods-COVID19Tests.release.xcconfig */ = {isa = PBXFileReference; includeInIndex = 1; lastKnownFileType = text.xcconfig; name = "Pods-COVID19Tests.release.xcconfig"; path = "Target Support Files/Pods-COVID19Tests/Pods-COVID19Tests.release.xcconfig"; sourceTree = "<group>"; };
		C92CD5ACDAC48DE243B0445F /* Pods_COVID19.framework */ = {isa = PBXFileReference; explicitFileType = wrapper.framework; includeInIndex = 0; path = Pods_COVID19.framework; sourceTree = BUILT_PRODUCTS_DIR; };
		E63C70693EA91DA127D0A9C6 /* Pods-COVID19.release.xcconfig */ = {isa = PBXFileReference; includeInIndex = 1; lastKnownFileType = text.xcconfig; name = "Pods-COVID19.release.xcconfig"; path = "Target Support Files/Pods-COVID19/Pods-COVID19.release.xcconfig"; sourceTree = "<group>"; };
		EE3D1F36273B7898004F62BD /* CovidDetailTableViewController.swift */ = {isa = PBXFileReference; lastKnownFileType = sourcecode.swift; path = CovidDetailTableViewController.swift; sourceTree = "<group>"; };
		EE3D1F38273B7B47004F62BD /* CityCovidOverview.swift */ = {isa = PBXFileReference; lastKnownFileType = sourcecode.swift; path = CityCovidOverview.swift; sourceTree = "<group>"; };
		EE435D7B273B9D4C0043B72F /* APIKeys.swift */ = {isa = PBXFileReference; lastKnownFileType = sourcecode.swift; path = APIKeys.swift; sourceTree = "<group>"; };
		EE74325B273B7113005CCE23 /* COVID19.app */ = {isa = PBXFileReference; explicitFileType = wrapper.application; includeInIndex = 0; path = COVID19.app; sourceTree = BUILT_PRODUCTS_DIR; };
		EE74325E273B7113005CCE23 /* AppDelegate.swift */ = {isa = PBXFileReference; lastKnownFileType = sourcecode.swift; path = AppDelegate.swift; sourceTree = "<group>"; };
		EE743260273B7113005CCE23 /* SceneDelegate.swift */ = {isa = PBXFileReference; lastKnownFileType = sourcecode.swift; path = SceneDelegate.swift; sourceTree = "<group>"; };
		EE743262273B7113005CCE23 /* ViewController.swift */ = {isa = PBXFileReference; lastKnownFileType = sourcecode.swift; path = ViewController.swift; sourceTree = "<group>"; };
		EE743265273B7113005CCE23 /* Base */ = {isa = PBXFileReference; lastKnownFileType = file.storyboard; name = Base; path = Base.lproj/Main.storyboard; sourceTree = "<group>"; };
		EE743267273B7114005CCE23 /* Assets.xcassets */ = {isa = PBXFileReference; lastKnownFileType = folder.assetcatalog; path = Assets.xcassets; sourceTree = "<group>"; };
		EE74326A273B7114005CCE23 /* Base */ = {isa = PBXFileReference; lastKnownFileType = file.storyboard; name = Base; path = Base.lproj/LaunchScreen.storyboard; sourceTree = "<group>"; };
		EE74326C273B7114005CCE23 /* Info.plist */ = {isa = PBXFileReference; lastKnownFileType = text.plist.xml; path = Info.plist; sourceTree = "<group>"; };
		EE743271273B7115005CCE23 /* COVID19Tests.xctest */ = {isa = PBXFileReference; explicitFileType = wrapper.cfbundle; includeInIndex = 0; path = COVID19Tests.xctest; sourceTree = BUILT_PRODUCTS_DIR; };
		EE743275273B7115005CCE23 /* COVID19Tests.swift */ = {isa = PBXFileReference; lastKnownFileType = sourcecode.swift; path = COVID19Tests.swift; sourceTree = "<group>"; };
		EE74327B273B7115005CCE23 /* COVID19UITests.xctest */ = {isa = PBXFileReference; explicitFileType = wrapper.cfbundle; includeInIndex = 0; path = COVID19UITests.xctest; sourceTree = BUILT_PRODUCTS_DIR; };
		EE74327F273B7115005CCE23 /* COVID19UITests.swift */ = {isa = PBXFileReference; lastKnownFileType = sourcecode.swift; path = COVID19UITests.swift; sourceTree = "<group>"; };
		EE743281273B7115005CCE23 /* COVID19UITestsLaunchTests.swift */ = {isa = PBXFileReference; lastKnownFileType = sourcecode.swift; path = COVID19UITestsLaunchTests.swift; sourceTree = "<group>"; };
/* End PBXFileReference section */

/* Begin PBXFrameworksBuildPhase section */
		EE743258273B7113005CCE23 /* Frameworks */ = {
			isa = PBXFrameworksBuildPhase;
			buildActionMask = 2147483647;
			files = (
				AF4AD51E059F471934D154AA /* Pods_COVID19.framework in Frameworks */,
			);
			runOnlyForDeploymentPostprocessing = 0;
		};
		EE74326E273B7115005CCE23 /* Frameworks */ = {
			isa = PBXFrameworksBuildPhase;
			buildActionMask = 2147483647;
			files = (
				8717BDB6E76E0CFB803BDB19 /* Pods_COVID19Tests.framework in Frameworks */,
			);
			runOnlyForDeploymentPostprocessing = 0;
		};
		EE743278273B7115005CCE23 /* Frameworks */ = {
			isa = PBXFrameworksBuildPhase;
			buildActionMask = 2147483647;
			files = (
				29EEBDD67A28512D95AA26D6 /* Pods_COVID19_COVID19UITests.framework in Frameworks */,
			);
			runOnlyForDeploymentPostprocessing = 0;
		};
/* End PBXFrameworksBuildPhase section */

/* Begin PBXGroup section */
		E5B78A7868F40F40F64CA809 /* Frameworks */ = {
			isa = PBXGroup;
			children = (
				C92CD5ACDAC48DE243B0445F /* Pods_COVID19.framework */,
				5EAF74409222F0A3ADC073BC /* Pods_COVID19_COVID19UITests.framework */,
				398E6473ADB002316B0A856E /* Pods_COVID19Tests.framework */,
			);
			name = Frameworks;
			sourceTree = "<group>";
		};
		EE743252273B7113005CCE23 = {
			isa = PBXGroup;
			children = (
				EE74325D273B7113005CCE23 /* COVID19 */,
				EE743274273B7115005CCE23 /* COVID19Tests */,
				EE74327E273B7115005CCE23 /* COVID19UITests */,
				EE74325C273B7113005CCE23 /* Products */,
				F9377470391A7B18F483197B /* Pods */,
				E5B78A7868F40F40F64CA809 /* Frameworks */,
			);
			sourceTree = "<group>";
		};
		EE74325C273B7113005CCE23 /* Products */ = {
			isa = PBXGroup;
			children = (
				EE74325B273B7113005CCE23 /* COVID19.app */,
				EE743271273B7115005CCE23 /* COVID19Tests.xctest */,
				EE74327B273B7115005CCE23 /* COVID19UITests.xctest */,
			);
			name = Products;
			sourceTree = "<group>";
		};
		EE74325D273B7113005CCE23 /* COVID19 */ = {
			isa = PBXGroup;
			children = (
				EE74325E273B7113005CCE23 /* AppDelegate.swift */,
				EE743260273B7113005CCE23 /* SceneDelegate.swift */,
				EE743262273B7113005CCE23 /* ViewController.swift */,
				EE3D1F36273B7898004F62BD /* CovidDetailTableViewController.swift */,
				EE3D1F38273B7B47004F62BD /* CityCovidOverview.swift */,
				EE435D7B273B9D4C0043B72F /* APIKeys.swift */,
				EE743264273B7113005CCE23 /* Main.storyboard */,
				EE743267273B7114005CCE23 /* Assets.xcassets */,
				EE743269273B7114005CCE23 /* LaunchScreen.storyboard */,
				EE74326C273B7114005CCE23 /* Info.plist */,
			);
			path = COVID19;
			sourceTree = "<group>";
		};
		EE743274273B7115005CCE23 /* COVID19Tests */ = {
			isa = PBXGroup;
			children = (
				EE743275273B7115005CCE23 /* COVID19Tests.swift */,
			);
			path = COVID19Tests;
			sourceTree = "<group>";
		};
		EE74327E273B7115005CCE23 /* COVID19UITests */ = {
			isa = PBXGroup;
			children = (
				EE74327F273B7115005CCE23 /* COVID19UITests.swift */,
				EE743281273B7115005CCE23 /* COVID19UITestsLaunchTests.swift */,
			);
			path = COVID19UITests;
			sourceTree = "<group>";
		};
		F9377470391A7B18F483197B /* Pods */ = {
			isa = PBXGroup;
			children = (
				8627E29F2E89DC5FE8ADDBF4 /* Pods-COVID19.debug.xcconfig */,
				E63C70693EA91DA127D0A9C6 /* Pods-COVID19.release.xcconfig */,
				A45FFF0A38774C240AC4456E /* Pods-COVID19-COVID19UITests.debug.xcconfig */,
				26C59DCFA2EBB66A25531E30 /* Pods-COVID19-COVID19UITests.release.xcconfig */,
				5B873A4717A3C714E3C87164 /* Pods-COVID19Tests.debug.xcconfig */,
				A6D2E0E5D7B42E41626661D4 /* Pods-COVID19Tests.release.xcconfig */,
			);
			path = Pods;
			sourceTree = "<group>";
		};
/* End PBXGroup section */

/* Begin PBXNativeTarget section */
		EE74325A273B7113005CCE23 /* COVID19 */ = {
			isa = PBXNativeTarget;
			buildConfigurationList = EE743285273B7115005CCE23 /* Build configuration list for PBXNativeTarget "COVID19" */;
			buildPhases = (
				85E6791520E1451DCD8FE1A3 /* [CP] Check Pods Manifest.lock */,
				EE743257273B7113005CCE23 /* Sources */,
				EE743258273B7113005CCE23 /* Frameworks */,
				EE743259273B7113005CCE23 /* Resources */,
				31C74775D81F531E4539B56D /* [CP] Embed Pods Frameworks */,
			);
			buildRules = (
			);
			dependencies = (
			);
			name = COVID19;
			productName = COVID19;
			productReference = EE74325B273B7113005CCE23 /* COVID19.app */;
			productType = "com.apple.product-type.application";
		};
		EE743270273B7115005CCE23 /* COVID19Tests */ = {
			isa = PBXNativeTarget;
			buildConfigurationList = EE743288273B7115005CCE23 /* Build configuration list for PBXNativeTarget "COVID19Tests" */;
			buildPhases = (
				81E5551971BE39ED720ECE4D /* [CP] Check Pods Manifest.lock */,
				EE74326D273B7115005CCE23 /* Sources */,
				EE74326E273B7115005CCE23 /* Frameworks */,
				EE74326F273B7115005CCE23 /* Resources */,
			);
			buildRules = (
			);
			dependencies = (
				EE743273273B7115005CCE23 /* PBXTargetDependency */,
			);
			name = COVID19Tests;
			productName = COVID19Tests;
			productReference = EE743271273B7115005CCE23 /* COVID19Tests.xctest */;
			productType = "com.apple.product-type.bundle.unit-test";
		};
		EE74327A273B7115005CCE23 /* COVID19UITests */ = {
			isa = PBXNativeTarget;
			buildConfigurationList = EE74328B273B7115005CCE23 /* Build configuration list for PBXNativeTarget "COVID19UITests" */;
			buildPhases = (
				F242B4C64BB4EA04ED80B2F0 /* [CP] Check Pods Manifest.lock */,
				EE743277273B7115005CCE23 /* Sources */,
				EE743278273B7115005CCE23 /* Frameworks */,
				EE743279273B7115005CCE23 /* Resources */,
				162612BEA999F098838262E6 /* [CP] Embed Pods Frameworks */,
			);
			buildRules = (
			);
			dependencies = (
				EE74327D273B7115005CCE23 /* PBXTargetDependency */,
			);
			name = COVID19UITests;
			productName = COVID19UITests;
			productReference = EE74327B273B7115005CCE23 /* COVID19UITests.xctest */;
			productType = "com.apple.product-type.bundle.ui-testing";
		};
/* End PBXNativeTarget section */

/* Begin PBXProject section */
		EE743253273B7113005CCE23 /* Project object */ = {
			isa = PBXProject;
			attributes = {
				BuildIndependentTargetsInParallel = 1;
				LastSwiftUpdateCheck = 1310;
				LastUpgradeCheck = 1310;
				TargetAttributes = {
					EE74325A273B7113005CCE23 = {
						CreatedOnToolsVersion = 13.1;
					};
					EE743270273B7115005CCE23 = {
						CreatedOnToolsVersion = 13.1;
						TestTargetID = EE74325A273B7113005CCE23;
					};
					EE74327A273B7115005CCE23 = {
						CreatedOnToolsVersion = 13.1;
						TestTargetID = EE74325A273B7113005CCE23;
					};
				};
			};
			buildConfigurationList = EE743256273B7113005CCE23 /* Build configuration list for PBXProject "COVID19" */;
			compatibilityVersion = "Xcode 13.0";
			developmentRegion = en;
			hasScannedForEncodings = 0;
			knownRegions = (
				en,
				Base,
			);
			mainGroup = EE743252273B7113005CCE23;
			productRefGroup = EE74325C273B7113005CCE23 /* Products */;
			projectDirPath = "";
			projectRoot = "";
			targets = (
				EE74325A273B7113005CCE23 /* COVID19 */,
				EE743270273B7115005CCE23 /* COVID19Tests */,
				EE74327A273B7115005CCE23 /* COVID19UITests */,
			);
		};
/* End PBXProject section */

/* Begin PBXResourcesBuildPhase section */
		EE743259273B7113005CCE23 /* Resources */ = {
			isa = PBXResourcesBuildPhase;
			buildActionMask = 2147483647;
			files = (
				EE74326B273B7114005CCE23 /* LaunchScreen.storyboard in Resources */,
				EE743268273B7114005CCE23 /* Assets.xcassets in Resources */,
				EE743266273B7113005CCE23 /* Main.storyboard in Resources */,
			);
			runOnlyForDeploymentPostprocessing = 0;
		};
		EE74326F273B7115005CCE23 /* Resources */ = {
			isa = PBXResourcesBuildPhase;
			buildActionMask = 2147483647;
			files = (
			);
			runOnlyForDeploymentPostprocessing = 0;
		};
		EE743279273B7115005CCE23 /* Resources */ = {
			isa = PBXResourcesBuildPhase;
			buildActionMask = 2147483647;
			files = (
			);
			runOnlyForDeploymentPostprocessing = 0;
		};
/* End PBXResourcesBuildPhase section */

/* Begin PBXShellScriptBuildPhase section */
		162612BEA999F098838262E6 /* [CP] Embed Pods Frameworks */ = {
			isa = PBXShellScriptBuildPhase;
			buildActionMask = 2147483647;
			files = (
			);
			inputFileListPaths = (
				"${PODS_ROOT}/Target Support Files/Pods-COVID19-COVID19UITests/Pods-COVID19-COVID19UITests-frameworks-${CONFIGURATION}-input-files.xcfilelist",
			);
			name = "[CP] Embed Pods Frameworks";
			outputFileListPaths = (
				"${PODS_ROOT}/Target Support Files/Pods-COVID19-COVID19UITests/Pods-COVID19-COVID19UITests-frameworks-${CONFIGURATION}-output-files.xcfilelist",
			);
			runOnlyForDeploymentPostprocessing = 0;
			shellPath = /bin/sh;
			shellScript = "\"${PODS_ROOT}/Target Support Files/Pods-COVID19-COVID19UITests/Pods-COVID19-COVID19UITests-frameworks.sh\"\n";
			showEnvVarsInLog = 0;
		};
		31C74775D81F531E4539B56D /* [CP] Embed Pods Frameworks */ = {
			isa = PBXShellScriptBuildPhase;
			buildActionMask = 2147483647;
			files = (
			);
			inputFileListPaths = (
				"${PODS_ROOT}/Target Support Files/Pods-COVID19/Pods-COVID19-frameworks-${CONFIGURATION}-input-files.xcfilelist",
			);
			name = "[CP] Embed Pods Frameworks";
			outputFileListPaths = (
				"${PODS_ROOT}/Target Support Files/Pods-COVID19/Pods-COVID19-frameworks-${CONFIGURATION}-output-files.xcfilelist",
			);
			runOnlyForDeploymentPostprocessing = 0;
			shellPath = /bin/sh;
			shellScript = "\"${PODS_ROOT}/Target Support Files/Pods-COVID19/Pods-COVID19-frameworks.sh\"\n";
			showEnvVarsInLog = 0;
		};
		81E5551971BE39ED720ECE4D /* [CP] Check Pods Manifest.lock */ = {
			isa = PBXShellScriptBuildPhase;
			buildActionMask = 2147483647;
			files = (
			);
			inputFileListPaths = (
			);
			inputPaths = (
				"${PODS_PODFILE_DIR_PATH}/Podfile.lock",
				"${PODS_ROOT}/Manifest.lock",
			);
			name = "[CP] Check Pods Manifest.lock";
			outputFileListPaths = (
			);
			outputPaths = (
				"$(DERIVED_FILE_DIR)/Pods-COVID19Tests-checkManifestLockResult.txt",
			);
			runOnlyForDeploymentPostprocessing = 0;
			shellPath = /bin/sh;
			shellScript = "diff \"${PODS_PODFILE_DIR_PATH}/Podfile.lock\" \"${PODS_ROOT}/Manifest.lock\" > /dev/null\nif [ $? != 0 ] ; then\n    # print error to STDERR\n    echo \"error: The sandbox is not in sync with the Podfile.lock. Run 'pod install' or update your CocoaPods installation.\" >&2\n    exit 1\nfi\n# This output is used by Xcode 'outputs' to avoid re-running this script phase.\necho \"SUCCESS\" > \"${SCRIPT_OUTPUT_FILE_0}\"\n";
			showEnvVarsInLog = 0;
		};
		85E6791520E1451DCD8FE1A3 /* [CP] Check Pods Manifest.lock */ = {
			isa = PBXShellScriptBuildPhase;
			buildActionMask = 2147483647;
			files = (
			);
			inputFileListPaths = (
			);
			inputPaths = (
				"${PODS_PODFILE_DIR_PATH}/Podfile.lock",
				"${PODS_ROOT}/Manifest.lock",
			);
			name = "[CP] Check Pods Manifest.lock";
			outputFileListPaths = (
			);
			outputPaths = (
				"$(DERIVED_FILE_DIR)/Pods-COVID19-checkManifestLockResult.txt",
			);
			runOnlyForDeploymentPostprocessing = 0;
			shellPath = /bin/sh;
			shellScript = "diff \"${PODS_PODFILE_DIR_PATH}/Podfile.lock\" \"${PODS_ROOT}/Manifest.lock\" > /dev/null\nif [ $? != 0 ] ; then\n    # print error to STDERR\n    echo \"error: The sandbox is not in sync with the Podfile.lock. Run 'pod install' or update your CocoaPods installation.\" >&2\n    exit 1\nfi\n# This output is used by Xcode 'outputs' to avoid re-running this script phase.\necho \"SUCCESS\" > \"${SCRIPT_OUTPUT_FILE_0}\"\n";
			showEnvVarsInLog = 0;
		};
		F242B4C64BB4EA04ED80B2F0 /* [CP] Check Pods Manifest.lock */ = {
			isa = PBXShellScriptBuildPhase;
			buildActionMask = 2147483647;
			files = (
			);
			inputFileListPaths = (
			);
			inputPaths = (
				"${PODS_PODFILE_DIR_PATH}/Podfile.lock",
				"${PODS_ROOT}/Manifest.lock",
			);
			name = "[CP] Check Pods Manifest.lock";
			outputFileListPaths = (
			);
			outputPaths = (
				"$(DERIVED_FILE_DIR)/Pods-COVID19-COVID19UITests-checkManifestLockResult.txt",
			);
			runOnlyForDeploymentPostprocessing = 0;
			shellPath = /bin/sh;
			shellScript = "diff \"${PODS_PODFILE_DIR_PATH}/Podfile.lock\" \"${PODS_ROOT}/Manifest.lock\" > /dev/null\nif [ $? != 0 ] ; then\n    # print error to STDERR\n    echo \"error: The sandbox is not in sync with the Podfile.lock. Run 'pod install' or update your CocoaPods installation.\" >&2\n    exit 1\nfi\n# This output is used by Xcode 'outputs' to avoid re-running this script phase.\necho \"SUCCESS\" > \"${SCRIPT_OUTPUT_FILE_0}\"\n";
			showEnvVarsInLog = 0;
		};
/* End PBXShellScriptBuildPhase section */

/* Begin PBXSourcesBuildPhase section */
		EE743257273B7113005CCE23 /* Sources */ = {
			isa = PBXSourcesBuildPhase;
			buildActionMask = 2147483647;
			files = (
				EE435D7C273B9D4C0043B72F /* APIKeys.swift in Sources */,
				EE743263273B7113005CCE23 /* ViewController.swift in Sources */,
				EE74325F273B7113005CCE23 /* AppDelegate.swift in Sources */,
				EE3D1F37273B7898004F62BD /* CovidDetailTableViewController.swift in Sources */,
				EE3D1F39273B7B47004F62BD /* CityCovidOverview.swift in Sources */,
				EE743261273B7113005CCE23 /* SceneDelegate.swift in Sources */,
			);
			runOnlyForDeploymentPostprocessing = 0;
		};
		EE74326D273B7115005CCE23 /* Sources */ = {
			isa = PBXSourcesBuildPhase;
			buildActionMask = 2147483647;
			files = (
				EE743276273B7115005CCE23 /* COVID19Tests.swift in Sources */,
			);
			runOnlyForDeploymentPostprocessing = 0;
		};
		EE743277273B7115005CCE23 /* Sources */ = {
			isa = PBXSourcesBuildPhase;
			buildActionMask = 2147483647;
			files = (
				EE743282273B7115005CCE23 /* COVID19UITestsLaunchTests.swift in Sources */,
				EE743280273B7115005CCE23 /* COVID19UITests.swift in Sources */,
			);
			runOnlyForDeploymentPostprocessing = 0;
		};
/* End PBXSourcesBuildPhase section */

/* Begin PBXTargetDependency section */
		EE743273273B7115005CCE23 /* PBXTargetDependency */ = {
			isa = PBXTargetDependency;
			target = EE74325A273B7113005CCE23 /* COVID19 */;
			targetProxy = EE743272273B7115005CCE23 /* PBXContainerItemProxy */;
		};
		EE74327D273B7115005CCE23 /* PBXTargetDependency */ = {
			isa = PBXTargetDependency;
			target = EE74325A273B7113005CCE23 /* COVID19 */;
			targetProxy = EE74327C273B7115005CCE23 /* PBXContainerItemProxy */;
		};
/* End PBXTargetDependency section */

/* Begin PBXVariantGroup section */
		EE743264273B7113005CCE23 /* Main.storyboard */ = {
			isa = PBXVariantGroup;
			children = (
				EE743265273B7113005CCE23 /* Base */,
			);
			name = Main.storyboard;
			sourceTree = "<group>";
		};
		EE743269273B7114005CCE23 /* LaunchScreen.storyboard */ = {
			isa = PBXVariantGroup;
			children = (
				EE74326A273B7114005CCE23 /* Base */,
			);
			name = LaunchScreen.storyboard;
			sourceTree = "<group>";
		};
/* End PBXVariantGroup section */

/* Begin XCBuildConfiguration section */
		EE743283273B7115005CCE23 /* Debug */ = {
			isa = XCBuildConfiguration;
			buildSettings = {
				ALWAYS_SEARCH_USER_PATHS = NO;
				CLANG_ANALYZER_NONNULL = YES;
				CLANG_ANALYZER_NUMBER_OBJECT_CONVERSION = YES_AGGRESSIVE;
				CLANG_CXX_LANGUAGE_STANDARD = "gnu++17";
				CLANG_CXX_LIBRARY = "libc++";
				CLANG_ENABLE_MODULES = YES;
				CLANG_ENABLE_OBJC_ARC = YES;
				CLANG_ENABLE_OBJC_WEAK = YES;
				CLANG_WARN_BLOCK_CAPTURE_AUTORELEASING = YES;
				CLANG_WARN_BOOL_CONVERSION = YES;
				CLANG_WARN_COMMA = YES;
				CLANG_WARN_CONSTANT_CONVERSION = YES;
				CLANG_WARN_DEPRECATED_OBJC_IMPLEMENTATIONS = YES;
				CLANG_WARN_DIRECT_OBJC_ISA_USAGE = YES_ERROR;
				CLANG_WARN_DOCUMENTATION_COMMENTS = YES;
				CLANG_WARN_EMPTY_BODY = YES;
				CLANG_WARN_ENUM_CONVERSION = YES;
				CLANG_WARN_INFINITE_RECURSION = YES;
				CLANG_WARN_INT_CONVERSION = YES;
				CLANG_WARN_NON_LITERAL_NULL_CONVERSION = YES;
				CLANG_WARN_OBJC_IMPLICIT_RETAIN_SELF = YES;
				CLANG_WARN_OBJC_LITERAL_CONVERSION = YES;
				CLANG_WARN_OBJC_ROOT_CLASS = YES_ERROR;
				CLANG_WARN_QUOTED_INCLUDE_IN_FRAMEWORK_HEADER = YES;
				CLANG_WARN_RANGE_LOOP_ANALYSIS = YES;
				CLANG_WARN_STRICT_PROTOTYPES = YES;
				CLANG_WARN_SUSPICIOUS_MOVE = YES;
				CLANG_WARN_UNGUARDED_AVAILABILITY = YES_AGGRESSIVE;
				CLANG_WARN_UNREACHABLE_CODE = YES;
				CLANG_WARN__DUPLICATE_METHOD_MATCH = YES;
				COPY_PHASE_STRIP = NO;
				DEBUG_INFORMATION_FORMAT = dwarf;
				ENABLE_STRICT_OBJC_MSGSEND = YES;
				ENABLE_TESTABILITY = YES;
				GCC_C_LANGUAGE_STANDARD = gnu11;
				GCC_DYNAMIC_NO_PIC = NO;
				GCC_NO_COMMON_BLOCKS = YES;
				GCC_OPTIMIZATION_LEVEL = 0;
				GCC_PREPROCESSOR_DEFINITIONS = (
					"DEBUG=1",
					"$(inherited)",
				);
				GCC_WARN_64_TO_32_BIT_CONVERSION = YES;
				GCC_WARN_ABOUT_RETURN_TYPE = YES_ERROR;
				GCC_WARN_UNDECLARED_SELECTOR = YES;
				GCC_WARN_UNINITIALIZED_AUTOS = YES_AGGRESSIVE;
				GCC_WARN_UNUSED_FUNCTION = YES;
				GCC_WARN_UNUSED_VARIABLE = YES;
				IPHONEOS_DEPLOYMENT_TARGET = 15.0;
				MTL_ENABLE_DEBUG_INFO = INCLUDE_SOURCE;
				MTL_FAST_MATH = YES;
				ONLY_ACTIVE_ARCH = YES;
				SDKROOT = iphoneos;
				SWIFT_ACTIVE_COMPILATION_CONDITIONS = DEBUG;
				SWIFT_OPTIMIZATION_LEVEL = "-Onone";
			};
			name = Debug;
		};
		EE743284273B7115005CCE23 /* Release */ = {
			isa = XCBuildConfiguration;
			buildSettings = {
				ALWAYS_SEARCH_USER_PATHS = NO;
				CLANG_ANALYZER_NONNULL = YES;
				CLANG_ANALYZER_NUMBER_OBJECT_CONVERSION = YES_AGGRESSIVE;
				CLANG_CXX_LANGUAGE_STANDARD = "gnu++17";
				CLANG_CXX_LIBRARY = "libc++";
				CLANG_ENABLE_MODULES = YES;
				CLANG_ENABLE_OBJC_ARC = YES;
				CLANG_ENABLE_OBJC_WEAK = YES;
				CLANG_WARN_BLOCK_CAPTURE_AUTORELEASING = YES;
				CLANG_WARN_BOOL_CONVERSION = YES;
				CLANG_WARN_COMMA = YES;
				CLANG_WARN_CONSTANT_CONVERSION = YES;
				CLANG_WARN_DEPRECATED_OBJC_IMPLEMENTATIONS = YES;
				CLANG_WARN_DIRECT_OBJC_ISA_USAGE = YES_ERROR;
				CLANG_WARN_DOCUMENTATION_COMMENTS = YES;
				CLANG_WARN_EMPTY_BODY = YES;
				CLANG_WARN_ENUM_CONVERSION = YES;
				CLANG_WARN_INFINITE_RECURSION = YES;
				CLANG_WARN_INT_CONVERSION = YES;
				CLANG_WARN_NON_LITERAL_NULL_CONVERSION = YES;
				CLANG_WARN_OBJC_IMPLICIT_RETAIN_SELF = YES;
				CLANG_WARN_OBJC_LITERAL_CONVERSION = YES;
				CLANG_WARN_OBJC_ROOT_CLASS = YES_ERROR;
				CLANG_WARN_QUOTED_INCLUDE_IN_FRAMEWORK_HEADER = YES;
				CLANG_WARN_RANGE_LOOP_ANALYSIS = YES;
				CLANG_WARN_STRICT_PROTOTYPES = YES;
				CLANG_WARN_SUSPICIOUS_MOVE = YES;
				CLANG_WARN_UNGUARDED_AVAILABILITY = YES_AGGRESSIVE;
				CLANG_WARN_UNREACHABLE_CODE = YES;
				CLANG_WARN__DUPLICATE_METHOD_MATCH = YES;
				COPY_PHASE_STRIP = NO;
				DEBUG_INFORMATION_FORMAT = "dwarf-with-dsym";
				ENABLE_NS_ASSERTIONS = NO;
				ENABLE_STRICT_OBJC_MSGSEND = YES;
				GCC_C_LANGUAGE_STANDARD = gnu11;
				GCC_NO_COMMON_BLOCKS = YES;
				GCC_WARN_64_TO_32_BIT_CONVERSION = YES;
				GCC_WARN_ABOUT_RETURN_TYPE = YES_ERROR;
				GCC_WARN_UNDECLARED_SELECTOR = YES;
				GCC_WARN_UNINITIALIZED_AUTOS = YES_AGGRESSIVE;
				GCC_WARN_UNUSED_FUNCTION = YES;
				GCC_WARN_UNUSED_VARIABLE = YES;
				IPHONEOS_DEPLOYMENT_TARGET = 15.0;
				MTL_ENABLE_DEBUG_INFO = NO;
				MTL_FAST_MATH = YES;
				SDKROOT = iphoneos;
				SWIFT_COMPILATION_MODE = wholemodule;
				SWIFT_OPTIMIZATION_LEVEL = "-O";
				VALIDATE_PRODUCT = YES;
			};
			name = Release;
		};
		EE743286273B7115005CCE23 /* Debug */ = {
			isa = XCBuildConfiguration;
			baseConfigurationReference = 8627E29F2E89DC5FE8ADDBF4 /* Pods-COVID19.debug.xcconfig */;
			buildSettings = {
				ASSETCATALOG_COMPILER_APPICON_NAME = AppIcon;
				ASSETCATALOG_COMPILER_GLOBAL_ACCENT_COLOR_NAME = AccentColor;
				CODE_SIGN_STYLE = Automatic;
				CURRENT_PROJECT_VERSION = 1;
				DEVELOPMENT_TEAM = G5RH9MF273;
				GENERATE_INFOPLIST_FILE = YES;
				INFOPLIST_FILE = COVID19/Info.plist;
				INFOPLIST_KEY_UIApplicationSupportsIndirectInputEvents = YES;
				INFOPLIST_KEY_UILaunchStoryboardName = LaunchScreen;
				INFOPLIST_KEY_UIMainStoryboardFile = Main;
				INFOPLIST_KEY_UISupportedInterfaceOrientations_iPad = "UIInterfaceOrientationPortrait UIInterfaceOrientationPortraitUpsideDown UIInterfaceOrientationLandscapeLeft UIInterfaceOrientationLandscapeRight";
				INFOPLIST_KEY_UISupportedInterfaceOrientations_iPhone = "UIInterfaceOrientationPortrait UIInterfaceOrientationLandscapeLeft UIInterfaceOrientationLandscapeRight";
				LD_RUNPATH_SEARCH_PATHS = (
					"$(inherited)",
					"@executable_path/Frameworks",
				);
				MARKETING_VERSION = 1.0;
				PRODUCT_BUNDLE_IDENTIFIER = kr.co.beepeach.COVID19;
				PRODUCT_NAME = "$(TARGET_NAME)";
				SWIFT_EMIT_LOC_STRINGS = YES;
				SWIFT_VERSION = 5.0;
				TARGETED_DEVICE_FAMILY = "1,2";
			};
			name = Debug;
		};
		EE743287273B7115005CCE23 /* Release */ = {
			isa = XCBuildConfiguration;
			baseConfigurationReference = E63C70693EA91DA127D0A9C6 /* Pods-COVID19.release.xcconfig */;
			buildSettings = {
				ASSETCATALOG_COMPILER_APPICON_NAME = AppIcon;
				ASSETCATALOG_COMPILER_GLOBAL_ACCENT_COLOR_NAME = AccentColor;
				CODE_SIGN_STYLE = Automatic;
				CURRENT_PROJECT_VERSION = 1;
				DEVELOPMENT_TEAM = G5RH9MF273;
				GENERATE_INFOPLIST_FILE = YES;
				INFOPLIST_FILE = COVID19/Info.plist;
				INFOPLIST_KEY_UIApplicationSupportsIndirectInputEvents = YES;
				INFOPLIST_KEY_UILaunchStoryboardName = LaunchScreen;
				INFOPLIST_KEY_UIMainStoryboardFile = Main;
				INFOPLIST_KEY_UISupportedInterfaceOrientations_iPad = "UIInterfaceOrientationPortrait UIInterfaceOrientationPortraitUpsideDown UIInterfaceOrientationLandscapeLeft UIInterfaceOrientationLandscapeRight";
				INFOPLIST_KEY_UISupportedInterfaceOrientations_iPhone = "UIInterfaceOrientationPortrait UIInterfaceOrientationLandscapeLeft UIInterfaceOrientationLandscapeRight";
				LD_RUNPATH_SEARCH_PATHS = (
					"$(inherited)",
					"@executable_path/Frameworks",
				);
				MARKETING_VERSION = 1.0;
				PRODUCT_BUNDLE_IDENTIFIER = kr.co.beepeach.COVID19;
				PRODUCT_NAME = "$(TARGET_NAME)";
				SWIFT_EMIT_LOC_STRINGS = YES;
				SWIFT_VERSION = 5.0;
				TARGETED_DEVICE_FAMILY = "1,2";
			};
			name = Release;
		};
		EE743289273B7115005CCE23 /* Debug */ = {
			isa = XCBuildConfiguration;
			baseConfigurationReference = 5B873A4717A3C714E3C87164 /* Pods-COVID19Tests.debug.xcconfig */;
			buildSettings = {
				ALWAYS_EMBED_SWIFT_STANDARD_LIBRARIES = YES;
				BUNDLE_LOADER = "$(TEST_HOST)";
				CODE_SIGN_STYLE = Automatic;
				CURRENT_PROJECT_VERSION = 1;
				DEVELOPMENT_TEAM = G5RH9MF273;
				GENERATE_INFOPLIST_FILE = YES;
				IPHONEOS_DEPLOYMENT_TARGET = 15.0;
				LD_RUNPATH_SEARCH_PATHS = (
					"$(inherited)",
					"@executable_path/Frameworks",
					"@loader_path/Frameworks",
				);
				MARKETING_VERSION = 1.0;
				PRODUCT_BUNDLE_IDENTIFIER = kr.co.beepeach.COVID19Tests;
				PRODUCT_NAME = "$(TARGET_NAME)";
				SWIFT_EMIT_LOC_STRINGS = NO;
				SWIFT_VERSION = 5.0;
				TARGETED_DEVICE_FAMILY = "1,2";
				TEST_HOST = "$(BUILT_PRODUCTS_DIR)/COVID19.app/COVID19";
			};
			name = Debug;
		};
		EE74328A273B7115005CCE23 /* Release */ = {
			isa = XCBuildConfiguration;
			baseConfigurationReference = A6D2E0E5D7B42E41626661D4 /* Pods-COVID19Tests.release.xcconfig */;
			buildSettings = {
				ALWAYS_EMBED_SWIFT_STANDARD_LIBRARIES = YES;
				BUNDLE_LOADER = "$(TEST_HOST)";
				CODE_SIGN_STYLE = Automatic;
				CURRENT_PROJECT_VERSION = 1;
				DEVELOPMENT_TEAM = G5RH9MF273;
				GENERATE_INFOPLIST_FILE = YES;
				IPHONEOS_DEPLOYMENT_TARGET = 15.0;
				LD_RUNPATH_SEARCH_PATHS = (
					"$(inherited)",
					"@executable_path/Frameworks",
					"@loader_path/Frameworks",
				);
				MARKETING_VERSION = 1.0;
				PRODUCT_BUNDLE_IDENTIFIER = kr.co.beepeach.COVID19Tests;
				PRODUCT_NAME = "$(TARGET_NAME)";
				SWIFT_EMIT_LOC_STRINGS = NO;
				SWIFT_VERSION = 5.0;
				TARGETED_DEVICE_FAMILY = "1,2";
				TEST_HOST = "$(BUILT_PRODUCTS_DIR)/COVID19.app/COVID19";
			};
			name = Release;
		};
		EE74328C273B7115005CCE23 /* Debug */ = {
			isa = XCBuildConfiguration;
			baseConfigurationReference = A45FFF0A38774C240AC4456E /* Pods-COVID19-COVID19UITests.debug.xcconfig */;
			buildSettings = {
				ALWAYS_EMBED_SWIFT_STANDARD_LIBRARIES = YES;
				CODE_SIGN_STYLE = Automatic;
				CURRENT_PROJECT_VERSION = 1;
				DEVELOPMENT_TEAM = G5RH9MF273;
				GENERATE_INFOPLIST_FILE = YES;
				LD_RUNPATH_SEARCH_PATHS = (
					"$(inherited)",
					"@executable_path/Frameworks",
					"@loader_path/Frameworks",
				);
				MARKETING_VERSION = 1.0;
				PRODUCT_BUNDLE_IDENTIFIER = kr.co.beepeach.COVID19UITests;
				PRODUCT_NAME = "$(TARGET_NAME)";
				SWIFT_EMIT_LOC_STRINGS = NO;
				SWIFT_VERSION = 5.0;
				TARGETED_DEVICE_FAMILY = "1,2";
				TEST_TARGET_NAME = COVID19;
			};
			name = Debug;
		};
		EE74328D273B7115005CCE23 /* Release */ = {
			isa = XCBuildConfiguration;
			baseConfigurationReference = 26C59DCFA2EBB66A25531E30 /* Pods-COVID19-COVID19UITests.release.xcconfig */;
			buildSettings = {
				ALWAYS_EMBED_SWIFT_STANDARD_LIBRARIES = YES;
				CODE_SIGN_STYLE = Automatic;
				CURRENT_PROJECT_VERSION = 1;
				DEVELOPMENT_TEAM = G5RH9MF273;
				GENERATE_INFOPLIST_FILE = YES;
				LD_RUNPATH_SEARCH_PATHS = (
					"$(inherited)",
					"@executable_path/Frameworks",
					"@loader_path/Frameworks",
				);
				MARKETING_VERSION = 1.0;
				PRODUCT_BUNDLE_IDENTIFIER = kr.co.beepeach.COVID19UITests;
				PRODUCT_NAME = "$(TARGET_NAME)";
				SWIFT_EMIT_LOC_STRINGS = NO;
				SWIFT_VERSION = 5.0;
				TARGETED_DEVICE_FAMILY = "1,2";
				TEST_TARGET_NAME = COVID19;
			};
			name = Release;
		};
/* End XCBuildConfiguration section */

/* Begin XCConfigurationList section */
		EE743256273B7113005CCE23 /* Build configuration list for PBXProject "COVID19" */ = {
			isa = XCConfigurationList;
			buildConfigurations = (
				EE743283273B7115005CCE23 /* Debug */,
				EE743284273B7115005CCE23 /* Release */,
			);
			defaultConfigurationIsVisible = 0;
			defaultConfigurationName = Release;
		};
		EE743285273B7115005CCE23 /* Build configuration list for PBXNativeTarget "COVID19" */ = {
			isa = XCConfigurationList;
			buildConfigurations = (
				EE743286273B7115005CCE23 /* Debug */,
				EE743287273B7115005CCE23 /* Release */,
			);
			defaultConfigurationIsVisible = 0;
			defaultConfigurationName = Release;
		};
		EE743288273B7115005CCE23 /* Build configuration list for PBXNativeTarget "COVID19Tests" */ = {
			isa = XCConfigurationList;
			buildConfigurations = (
				EE743289273B7115005CCE23 /* Debug */,
				EE74328A273B7115005CCE23 /* Release */,
			);
			defaultConfigurationIsVisible = 0;
			defaultConfigurationName = Release;
		};
		EE74328B273B7115005CCE23 /* Build configuration list for PBXNativeTarget "COVID19UITests" */ = {
			isa = XCConfigurationList;
			buildConfigurations = (
				EE74328C273B7115005CCE23 /* Debug */,
				EE74328D273B7115005CCE23 /* Release */,
			);
			defaultConfigurationIsVisible = 0;
			defaultConfigurationName = Release;
		};
/* End XCConfigurationList section */
	};
	rootObject = EE743253273B7113005CCE23 /* Project object */;
}
