// !$*UTF8*$!
{
	archiveVersion = 1;
	classes = {
	};
	objectVersion = 50;
	objects = {

/* Begin PBXBuildFile section */
		4602C42B268ADC4E00F53373 /* CustomCalendarTests.swift in Sources */ = {isa = PBXBuildFile; fileRef = 4602C42A268ADC4E00F53373 /* CustomCalendarTests.swift */; };
		4602C433268AF20800F53373 /* CalendarHelperTests.swift in Sources */ = {isa = PBXBuildFile; fileRef = 4602C432268AF20800F53373 /* CalendarHelperTests.swift */; };
		463D5B29268206BD001F2C60 /* AppDelegate.swift in Sources */ = {isa = PBXBuildFile; fileRef = 463D5B28268206BD001F2C60 /* AppDelegate.swift */; };
		463D5B2B268206BD001F2C60 /* SceneDelegate.swift in Sources */ = {isa = PBXBuildFile; fileRef = 463D5B2A268206BD001F2C60 /* SceneDelegate.swift */; };
		463D5B2D268206BD001F2C60 /* ViewController.swift in Sources */ = {isa = PBXBuildFile; fileRef = 463D5B2C268206BD001F2C60 /* ViewController.swift */; };
		463D5B30268206BD001F2C60 /* Main.storyboard in Resources */ = {isa = PBXBuildFile; fileRef = 463D5B2E268206BD001F2C60 /* Main.storyboard */; };
		463D5B32268206BE001F2C60 /* Assets.xcassets in Resources */ = {isa = PBXBuildFile; fileRef = 463D5B31268206BE001F2C60 /* Assets.xcassets */; };
		463D5B35268206BE001F2C60 /* LaunchScreen.storyboard in Resources */ = {isa = PBXBuildFile; fileRef = 463D5B33268206BE001F2C60 /* LaunchScreen.storyboard */; };
		463D5B442682FA62001F2C60 /* CalendarCollectionViewCell.swift in Sources */ = {isa = PBXBuildFile; fileRef = 463D5B432682FA62001F2C60 /* CalendarCollectionViewCell.swift */; };
		463D5B4626830664001F2C60 /* CalendarHelper.swift in Sources */ = {isa = PBXBuildFile; fileRef = 463D5B4526830664001F2C60 /* CalendarHelper.swift */; };
		463D5B48268378E7001F2C60 /* DaySquaresGenerator.swift in Sources */ = {isa = PBXBuildFile; fileRef = 463D5B47268378E7001F2C60 /* DaySquaresGenerator.swift */; };
		46C4C6A52692BF730098DD64 /* DateCalculatorTests.swift in Sources */ = {isa = PBXBuildFile; fileRef = 46C4C6A42692BF730098DD64 /* DateCalculatorTests.swift */; };
		46C4C6A72692C0380098DD64 /* DateCalculator.swift in Sources */ = {isa = PBXBuildFile; fileRef = 46C4C6A62692C0380098DD64 /* DateCalculator.swift */; };
/* End PBXBuildFile section */

/* Begin PBXContainerItemProxy section */
		4602C42D268ADC4E00F53373 /* PBXContainerItemProxy */ = {
			isa = PBXContainerItemProxy;
			containerPortal = 463D5B1D268206BD001F2C60 /* Project object */;
			proxyType = 1;
			remoteGlobalIDString = 463D5B24268206BD001F2C60;
			remoteInfo = CustomCalendar;
		};
/* End PBXContainerItemProxy section */

/* Begin PBXFileReference section */
		4602C428268ADC4E00F53373 /* CustomCalendarTests.xctest */ = {isa = PBXFileReference; explicitFileType = wrapper.cfbundle; includeInIndex = 0; path = CustomCalendarTests.xctest; sourceTree = BUILT_PRODUCTS_DIR; };
		4602C42A268ADC4E00F53373 /* CustomCalendarTests.swift */ = {isa = PBXFileReference; lastKnownFileType = sourcecode.swift; path = CustomCalendarTests.swift; sourceTree = "<group>"; };
		4602C42C268ADC4E00F53373 /* Info.plist */ = {isa = PBXFileReference; lastKnownFileType = text.plist.xml; path = Info.plist; sourceTree = "<group>"; };
		4602C432268AF20800F53373 /* CalendarHelperTests.swift */ = {isa = PBXFileReference; lastKnownFileType = sourcecode.swift; path = CalendarHelperTests.swift; sourceTree = "<group>"; };
		463D5B25268206BD001F2C60 /* CustomCalendar.app */ = {isa = PBXFileReference; explicitFileType = wrapper.application; includeInIndex = 0; path = CustomCalendar.app; sourceTree = BUILT_PRODUCTS_DIR; };
		463D5B28268206BD001F2C60 /* AppDelegate.swift */ = {isa = PBXFileReference; lastKnownFileType = sourcecode.swift; path = AppDelegate.swift; sourceTree = "<group>"; };
		463D5B2A268206BD001F2C60 /* SceneDelegate.swift */ = {isa = PBXFileReference; lastKnownFileType = sourcecode.swift; path = SceneDelegate.swift; sourceTree = "<group>"; };
		463D5B2C268206BD001F2C60 /* ViewController.swift */ = {isa = PBXFileReference; lastKnownFileType = sourcecode.swift; path = ViewController.swift; sourceTree = "<group>"; };
		463D5B2F268206BD001F2C60 /* Base */ = {isa = PBXFileReference; lastKnownFileType = file.storyboard; name = Base; path = Base.lproj/Main.storyboard; sourceTree = "<group>"; };
		463D5B31268206BE001F2C60 /* Assets.xcassets */ = {isa = PBXFileReference; lastKnownFileType = folder.assetcatalog; path = Assets.xcassets; sourceTree = "<group>"; };
		463D5B34268206BE001F2C60 /* Base */ = {isa = PBXFileReference; lastKnownFileType = file.storyboard; name = Base; path = Base.lproj/LaunchScreen.storyboard; sourceTree = "<group>"; };
		463D5B36268206BE001F2C60 /* Info.plist */ = {isa = PBXFileReference; lastKnownFileType = text.plist.xml; path = Info.plist; sourceTree = "<group>"; };
		463D5B432682FA62001F2C60 /* CalendarCollectionViewCell.swift */ = {isa = PBXFileReference; lastKnownFileType = sourcecode.swift; path = CalendarCollectionViewCell.swift; sourceTree = "<group>"; };
		463D5B4526830664001F2C60 /* CalendarHelper.swift */ = {isa = PBXFileReference; lastKnownFileType = sourcecode.swift; path = CalendarHelper.swift; sourceTree = "<group>"; };
		463D5B47268378E7001F2C60 /* DaySquaresGenerator.swift */ = {isa = PBXFileReference; lastKnownFileType = sourcecode.swift; path = DaySquaresGenerator.swift; sourceTree = "<group>"; };
		46C4C6A42692BF730098DD64 /* DateCalculatorTests.swift */ = {isa = PBXFileReference; lastKnownFileType = sourcecode.swift; path = DateCalculatorTests.swift; sourceTree = "<group>"; };
		46C4C6A62692C0380098DD64 /* DateCalculator.swift */ = {isa = PBXFileReference; lastKnownFileType = sourcecode.swift; path = DateCalculator.swift; sourceTree = "<group>"; };
/* End PBXFileReference section */

/* Begin PBXFrameworksBuildPhase section */
		4602C425268ADC4E00F53373 /* Frameworks */ = {
			isa = PBXFrameworksBuildPhase;
			buildActionMask = 2147483647;
			files = (
			);
			runOnlyForDeploymentPostprocessing = 0;
		};
		463D5B22268206BD001F2C60 /* Frameworks */ = {
			isa = PBXFrameworksBuildPhase;
			buildActionMask = 2147483647;
			files = (
			);
			runOnlyForDeploymentPostprocessing = 0;
		};
/* End PBXFrameworksBuildPhase section */

/* Begin PBXGroup section */
		4602C429268ADC4E00F53373 /* CustomCalendarTests */ = {
			isa = PBXGroup;
			children = (
				4602C432268AF20800F53373 /* CalendarHelperTests.swift */,
				4602C42A268ADC4E00F53373 /* CustomCalendarTests.swift */,
				4602C42C268ADC4E00F53373 /* Info.plist */,
				46C4C6A42692BF730098DD64 /* DateCalculatorTests.swift */,
			);
			path = CustomCalendarTests;
			sourceTree = "<group>";
		};
		463D5B1C268206BD001F2C60 = {
			isa = PBXGroup;
			children = (
				463D5B27268206BD001F2C60 /* CustomCalendar */,
				4602C429268ADC4E00F53373 /* CustomCalendarTests */,
				463D5B26268206BD001F2C60 /* Products */,
			);
			sourceTree = "<group>";
		};
		463D5B26268206BD001F2C60 /* Products */ = {
			isa = PBXGroup;
			children = (
				463D5B25268206BD001F2C60 /* CustomCalendar.app */,
				4602C428268ADC4E00F53373 /* CustomCalendarTests.xctest */,
			);
			name = Products;
			sourceTree = "<group>";
		};
		463D5B27268206BD001F2C60 /* CustomCalendar */ = {
			isa = PBXGroup;
			children = (
				463D5B28268206BD001F2C60 /* AppDelegate.swift */,
				463D5B2A268206BD001F2C60 /* SceneDelegate.swift */,
				463D5B2E268206BD001F2C60 /* Main.storyboard */,
				463D5B31268206BE001F2C60 /* Assets.xcassets */,
				463D5B33268206BE001F2C60 /* LaunchScreen.storyboard */,
				463D5B36268206BE001F2C60 /* Info.plist */,
				463D5B2C268206BD001F2C60 /* ViewController.swift */,
				463D5B432682FA62001F2C60 /* CalendarCollectionViewCell.swift */,
				463D5B4526830664001F2C60 /* CalendarHelper.swift */,
				463D5B47268378E7001F2C60 /* DaySquaresGenerator.swift */,
				46C4C6A62692C0380098DD64 /* DateCalculator.swift */,
			);
			path = CustomCalendar;
			sourceTree = "<group>";
		};
/* End PBXGroup section */

/* Begin PBXNativeTarget section */
		4602C427268ADC4E00F53373 /* CustomCalendarTests */ = {
			isa = PBXNativeTarget;
			buildConfigurationList = 4602C431268ADC4E00F53373 /* Build configuration list for PBXNativeTarget "CustomCalendarTests" */;
			buildPhases = (
				4602C424268ADC4E00F53373 /* Sources */,
				4602C425268ADC4E00F53373 /* Frameworks */,
				4602C426268ADC4E00F53373 /* Resources */,
			);
			buildRules = (
			);
			dependencies = (
				4602C42E268ADC4E00F53373 /* PBXTargetDependency */,
			);
			name = CustomCalendarTests;
			productName = CustomCalendarTests;
			productReference = 4602C428268ADC4E00F53373 /* CustomCalendarTests.xctest */;
			productType = "com.apple.product-type.bundle.unit-test";
		};
		463D5B24268206BD001F2C60 /* CustomCalendar */ = {
			isa = PBXNativeTarget;
			buildConfigurationList = 463D5B39268206BE001F2C60 /* Build configuration list for PBXNativeTarget "CustomCalendar" */;
			buildPhases = (
				463D5B21268206BD001F2C60 /* Sources */,
				463D5B22268206BD001F2C60 /* Frameworks */,
				463D5B23268206BD001F2C60 /* Resources */,
			);
			buildRules = (
			);
			dependencies = (
			);
			name = CustomCalendar;
			productName = CustomCalendar;
			productReference = 463D5B25268206BD001F2C60 /* CustomCalendar.app */;
			productType = "com.apple.product-type.application";
		};
/* End PBXNativeTarget section */

/* Begin PBXProject section */
		463D5B1D268206BD001F2C60 /* Project object */ = {
			isa = PBXProject;
			attributes = {
				LastSwiftUpdateCheck = 1250;
				LastUpgradeCheck = 1250;
				TargetAttributes = {
					4602C427268ADC4E00F53373 = {
						CreatedOnToolsVersion = 12.5.1;
						TestTargetID = 463D5B24268206BD001F2C60;
					};
					463D5B24268206BD001F2C60 = {
						CreatedOnToolsVersion = 12.5.1;
					};
				};
			};
			buildConfigurationList = 463D5B20268206BD001F2C60 /* Build configuration list for PBXProject "CustomCalendar" */;
			compatibilityVersion = "Xcode 9.3";
			developmentRegion = en;
			hasScannedForEncodings = 0;
			knownRegions = (
				en,
				Base,
			);
			mainGroup = 463D5B1C268206BD001F2C60;
			productRefGroup = 463D5B26268206BD001F2C60 /* Products */;
			projectDirPath = "";
			projectRoot = "";
			targets = (
				463D5B24268206BD001F2C60 /* CustomCalendar */,
				4602C427268ADC4E00F53373 /* CustomCalendarTests */,
			);
		};
/* End PBXProject section */

/* Begin PBXResourcesBuildPhase section */
		4602C426268ADC4E00F53373 /* Resources */ = {
			isa = PBXResourcesBuildPhase;
			buildActionMask = 2147483647;
			files = (
			);
			runOnlyForDeploymentPostprocessing = 0;
		};
		463D5B23268206BD001F2C60 /* Resources */ = {
			isa = PBXResourcesBuildPhase;
			buildActionMask = 2147483647;
			files = (
				463D5B35268206BE001F2C60 /* LaunchScreen.storyboard in Resources */,
				463D5B32268206BE001F2C60 /* Assets.xcassets in Resources */,
				463D5B30268206BD001F2C60 /* Main.storyboard in Resources */,
			);
			runOnlyForDeploymentPostprocessing = 0;
		};
/* End PBXResourcesBuildPhase section */

/* Begin PBXSourcesBuildPhase section */
		4602C424268ADC4E00F53373 /* Sources */ = {
			isa = PBXSourcesBuildPhase;
			buildActionMask = 2147483647;
			files = (
				46C4C6A52692BF730098DD64 /* DateCalculatorTests.swift in Sources */,
				4602C42B268ADC4E00F53373 /* CustomCalendarTests.swift in Sources */,
				4602C433268AF20800F53373 /* CalendarHelperTests.swift in Sources */,
			);
			runOnlyForDeploymentPostprocessing = 0;
		};
		463D5B21268206BD001F2C60 /* Sources */ = {
			isa = PBXSourcesBuildPhase;
			buildActionMask = 2147483647;
			files = (
				463D5B4626830664001F2C60 /* CalendarHelper.swift in Sources */,
				463D5B442682FA62001F2C60 /* CalendarCollectionViewCell.swift in Sources */,
				463D5B48268378E7001F2C60 /* DaySquaresGenerator.swift in Sources */,
				463D5B2D268206BD001F2C60 /* ViewController.swift in Sources */,
				463D5B29268206BD001F2C60 /* AppDelegate.swift in Sources */,
				463D5B2B268206BD001F2C60 /* SceneDelegate.swift in Sources */,
				46C4C6A72692C0380098DD64 /* DateCalculator.swift in Sources */,
			);
			runOnlyForDeploymentPostprocessing = 0;
		};
/* End PBXSourcesBuildPhase section */

/* Begin PBXTargetDependency section */
		4602C42E268ADC4E00F53373 /* PBXTargetDependency */ = {
			isa = PBXTargetDependency;
			target = 463D5B24268206BD001F2C60 /* CustomCalendar */;
			targetProxy = 4602C42D268ADC4E00F53373 /* PBXContainerItemProxy */;
		};
/* End PBXTargetDependency section */

/* Begin PBXVariantGroup section */
		463D5B2E268206BD001F2C60 /* Main.storyboard */ = {
			isa = PBXVariantGroup;
			children = (
				463D5B2F268206BD001F2C60 /* Base */,
			);
			name = Main.storyboard;
			sourceTree = "<group>";
		};
		463D5B33268206BE001F2C60 /* LaunchScreen.storyboard */ = {
			isa = PBXVariantGroup;
			children = (
				463D5B34268206BE001F2C60 /* Base */,
			);
			name = LaunchScreen.storyboard;
			sourceTree = "<group>";
		};
/* End PBXVariantGroup section */

/* Begin XCBuildConfiguration section */
		4602C42F268ADC4E00F53373 /* Debug */ = {
			isa = XCBuildConfiguration;
			buildSettings = {
				BUNDLE_LOADER = "$(TEST_HOST)";
				CODE_SIGN_STYLE = Automatic;
				DEVELOPMENT_TEAM = G5RH9MF273;
				INFOPLIST_FILE = CustomCalendarTests/Info.plist;
				LD_RUNPATH_SEARCH_PATHS = (
					"$(inherited)",
					"@executable_path/Frameworks",
					"@loader_path/Frameworks",
				);
				PRODUCT_BUNDLE_IDENTIFIER = com.beepeachstudio.CustomCalendarTests;
				PRODUCT_NAME = "$(TARGET_NAME)";
				SWIFT_VERSION = 5.0;
				TARGETED_DEVICE_FAMILY = "1,2";
				TEST_HOST = "$(BUILT_PRODUCTS_DIR)/CustomCalendar.app/CustomCalendar";
			};
			name = Debug;
		};
		4602C430268ADC4E00F53373 /* Release */ = {
			isa = XCBuildConfiguration;
			buildSettings = {
				BUNDLE_LOADER = "$(TEST_HOST)";
				CODE_SIGN_STYLE = Automatic;
				DEVELOPMENT_TEAM = G5RH9MF273;
				INFOPLIST_FILE = CustomCalendarTests/Info.plist;
				LD_RUNPATH_SEARCH_PATHS = (
					"$(inherited)",
					"@executable_path/Frameworks",
					"@loader_path/Frameworks",
				);
				PRODUCT_BUNDLE_IDENTIFIER = com.beepeachstudio.CustomCalendarTests;
				PRODUCT_NAME = "$(TARGET_NAME)";
				SWIFT_VERSION = 5.0;
				TARGETED_DEVICE_FAMILY = "1,2";
				TEST_HOST = "$(BUILT_PRODUCTS_DIR)/CustomCalendar.app/CustomCalendar";
			};
			name = Release;
		};
		463D5B37268206BE001F2C60 /* Debug */ = {
			isa = XCBuildConfiguration;
			buildSettings = {
				ALWAYS_SEARCH_USER_PATHS = NO;
				CLANG_ANALYZER_NONNULL = YES;
				CLANG_ANALYZER_NUMBER_OBJECT_CONVERSION = YES_AGGRESSIVE;
				CLANG_CXX_LANGUAGE_STANDARD = "gnu++14";
				CLANG_CXX_LIBRARY = "libc++";
				CLANG_ENABLE_MODULES = YES;
				CLANG_ENABLE_OBJC_ARC = YES;
				CLANG_ENABLE_OBJC_WEAK = YES;
				CLANG_WARN_BLOCK_CAPTURE_AUTORELEASING = YES;
				CLANG_WARN_BOOL_CONVERSION = YES;
				CLANG_WARN_COMMA = YES;
				CLANG_WARN_CONSTANT_CONVERSION = YES;
				CLANG_WARN_DEPRECATED_OBJC_IMPLEMENTATIONS = YES;
				CLANG_WARN_DIRECT_OBJC_ISA_USAGE = YES_ERROR;
				CLANG_WARN_DOCUMENTATION_COMMENTS = YES;
				CLANG_WARN_EMPTY_BODY = YES;
				CLANG_WARN_ENUM_CONVERSION = YES;
				CLANG_WARN_INFINITE_RECURSION = YES;
				CLANG_WARN_INT_CONVERSION = YES;
				CLANG_WARN_NON_LITERAL_NULL_CONVERSION = YES;
				CLANG_WARN_OBJC_IMPLICIT_RETAIN_SELF = YES;
				CLANG_WARN_OBJC_LITERAL_CONVERSION = YES;
				CLANG_WARN_OBJC_ROOT_CLASS = YES_ERROR;
				CLANG_WARN_QUOTED_INCLUDE_IN_FRAMEWORK_HEADER = YES;
				CLANG_WARN_RANGE_LOOP_ANALYSIS = YES;
				CLANG_WARN_STRICT_PROTOTYPES = YES;
				CLANG_WARN_SUSPICIOUS_MOVE = YES;
				CLANG_WARN_UNGUARDED_AVAILABILITY = YES_AGGRESSIVE;
				CLANG_WARN_UNREACHABLE_CODE = YES;
				CLANG_WARN__DUPLICATE_METHOD_MATCH = YES;
				COPY_PHASE_STRIP = NO;
				DEBUG_INFORMATION_FORMAT = dwarf;
				ENABLE_STRICT_OBJC_MSGSEND = YES;
				ENABLE_TESTABILITY = YES;
				GCC_C_LANGUAGE_STANDARD = gnu11;
				GCC_DYNAMIC_NO_PIC = NO;
				GCC_NO_COMMON_BLOCKS = YES;
				GCC_OPTIMIZATION_LEVEL = 0;
				GCC_PREPROCESSOR_DEFINITIONS = (
					"DEBUG=1",
					"$(inherited)",
				);
				GCC_WARN_64_TO_32_BIT_CONVERSION = YES;
				GCC_WARN_ABOUT_RETURN_TYPE = YES_ERROR;
				GCC_WARN_UNDECLARED_SELECTOR = YES;
				GCC_WARN_UNINITIALIZED_AUTOS = YES_AGGRESSIVE;
				GCC_WARN_UNUSED_FUNCTION = YES;
				GCC_WARN_UNUSED_VARIABLE = YES;
				IPHONEOS_DEPLOYMENT_TARGET = 14.5;
				MTL_ENABLE_DEBUG_INFO = INCLUDE_SOURCE;
				MTL_FAST_MATH = YES;
				ONLY_ACTIVE_ARCH = YES;
				SDKROOT = iphoneos;
				SWIFT_ACTIVE_COMPILATION_CONDITIONS = DEBUG;
				SWIFT_OPTIMIZATION_LEVEL = "-Onone";
			};
			name = Debug;
		};
		463D5B38268206BE001F2C60 /* Release */ = {
			isa = XCBuildConfiguration;
			buildSettings = {
				ALWAYS_SEARCH_USER_PATHS = NO;
				CLANG_ANALYZER_NONNULL = YES;
				CLANG_ANALYZER_NUMBER_OBJECT_CONVERSION = YES_AGGRESSIVE;
				CLANG_CXX_LANGUAGE_STANDARD = "gnu++14";
				CLANG_CXX_LIBRARY = "libc++";
				CLANG_ENABLE_MODULES = YES;
				CLANG_ENABLE_OBJC_ARC = YES;
				CLANG_ENABLE_OBJC_WEAK = YES;
				CLANG_WARN_BLOCK_CAPTURE_AUTORELEASING = YES;
				CLANG_WARN_BOOL_CONVERSION = YES;
				CLANG_WARN_COMMA = YES;
				CLANG_WARN_CONSTANT_CONVERSION = YES;
				CLANG_WARN_DEPRECATED_OBJC_IMPLEMENTATIONS = YES;
				CLANG_WARN_DIRECT_OBJC_ISA_USAGE = YES_ERROR;
				CLANG_WARN_DOCUMENTATION_COMMENTS = YES;
				CLANG_WARN_EMPTY_BODY = YES;
				CLANG_WARN_ENUM_CONVERSION = YES;
				CLANG_WARN_INFINITE_RECURSION = YES;
				CLANG_WARN_INT_CONVERSION = YES;
				CLANG_WARN_NON_LITERAL_NULL_CONVERSION = YES;
				CLANG_WARN_OBJC_IMPLICIT_RETAIN_SELF = YES;
				CLANG_WARN_OBJC_LITERAL_CONVERSION = YES;
				CLANG_WARN_OBJC_ROOT_CLASS = YES_ERROR;
				CLANG_WARN_QUOTED_INCLUDE_IN_FRAMEWORK_HEADER = YES;
				CLANG_WARN_RANGE_LOOP_ANALYSIS = YES;
				CLANG_WARN_STRICT_PROTOTYPES = YES;
				CLANG_WARN_SUSPICIOUS_MOVE = YES;
				CLANG_WARN_UNGUARDED_AVAILABILITY = YES_AGGRESSIVE;
				CLANG_WARN_UNREACHABLE_CODE = YES;
				CLANG_WARN__DUPLICATE_METHOD_MATCH = YES;
				COPY_PHASE_STRIP = NO;
				DEBUG_INFORMATION_FORMAT = "dwarf-with-dsym";
				ENABLE_NS_ASSERTIONS = NO;
				ENABLE_STRICT_OBJC_MSGSEND = YES;
				GCC_C_LANGUAGE_STANDARD = gnu11;
				GCC_NO_COMMON_BLOCKS = YES;
				GCC_WARN_64_TO_32_BIT_CONVERSION = YES;
				GCC_WARN_ABOUT_RETURN_TYPE = YES_ERROR;
				GCC_WARN_UNDECLARED_SELECTOR = YES;
				GCC_WARN_UNINITIALIZED_AUTOS = YES_AGGRESSIVE;
				GCC_WARN_UNUSED_FUNCTION = YES;
				GCC_WARN_UNUSED_VARIABLE = YES;
				IPHONEOS_DEPLOYMENT_TARGET = 14.5;
				MTL_ENABLE_DEBUG_INFO = NO;
				MTL_FAST_MATH = YES;
				SDKROOT = iphoneos;
				SWIFT_COMPILATION_MODE = wholemodule;
				SWIFT_OPTIMIZATION_LEVEL = "-O";
				VALIDATE_PRODUCT = YES;
			};
			name = Release;
		};
		463D5B3A268206BE001F2C60 /* Debug */ = {
			isa = XCBuildConfiguration;
			buildSettings = {
				ASSETCATALOG_COMPILER_APPICON_NAME = AppIcon;
				ASSETCATALOG_COMPILER_GLOBAL_ACCENT_COLOR_NAME = AccentColor;
				CODE_SIGN_STYLE = Automatic;
				DEVELOPMENT_TEAM = G5RH9MF273;
				INFOPLIST_FILE = CustomCalendar/Info.plist;
				LD_RUNPATH_SEARCH_PATHS = (
					"$(inherited)",
					"@executable_path/Frameworks",
				);
				PRODUCT_BUNDLE_IDENTIFIER = com.beepeachstudio.CustomCalendar;
				PRODUCT_NAME = "$(TARGET_NAME)";
				SWIFT_VERSION = 5.0;
				TARGETED_DEVICE_FAMILY = "1,2";
			};
			name = Debug;
		};
		463D5B3B268206BE001F2C60 /* Release */ = {
			isa = XCBuildConfiguration;
			buildSettings = {
				ASSETCATALOG_COMPILER_APPICON_NAME = AppIcon;
				ASSETCATALOG_COMPILER_GLOBAL_ACCENT_COLOR_NAME = AccentColor;
				CODE_SIGN_STYLE = Automatic;
				DEVELOPMENT_TEAM = G5RH9MF273;
				INFOPLIST_FILE = CustomCalendar/Info.plist;
				LD_RUNPATH_SEARCH_PATHS = (
					"$(inherited)",
					"@executable_path/Frameworks",
				);
				PRODUCT_BUNDLE_IDENTIFIER = com.beepeachstudio.CustomCalendar;
				PRODUCT_NAME = "$(TARGET_NAME)";
				SWIFT_VERSION = 5.0;
				TARGETED_DEVICE_FAMILY = "1,2";
			};
			name = Release;
		};
/* End XCBuildConfiguration section */

/* Begin XCConfigurationList section */
		4602C431268ADC4E00F53373 /* Build configuration list for PBXNativeTarget "CustomCalendarTests" */ = {
			isa = XCConfigurationList;
			buildConfigurations = (
				4602C42F268ADC4E00F53373 /* Debug */,
				4602C430268ADC4E00F53373 /* Release */,
			);
			defaultConfigurationIsVisible = 0;
			defaultConfigurationName = Release;
		};
		463D5B20268206BD001F2C60 /* Build configuration list for PBXProject "CustomCalendar" */ = {
			isa = XCConfigurationList;
			buildConfigurations = (
				463D5B37268206BE001F2C60 /* Debug */,
				463D5B38268206BE001F2C60 /* Release */,
			);
			defaultConfigurationIsVisible = 0;
			defaultConfigurationName = Release;
		};
		463D5B39268206BE001F2C60 /* Build configuration list for PBXNativeTarget "CustomCalendar" */ = {
			isa = XCConfigurationList;
			buildConfigurations = (
				463D5B3A268206BE001F2C60 /* Debug */,
				463D5B3B268206BE001F2C60 /* Release */,
			);
			defaultConfigurationIsVisible = 0;
			defaultConfigurationName = Release;
		};
/* End XCConfigurationList section */
	};
	rootObject = 463D5B1D268206BD001F2C60 /* Project object */;
}
